
Microsoft Visual Studio Solution File, Format Version 12.00
# Visual Studio Version 17
VisualStudioVersion = 17.0.31903.59
MinimumVisualStudioVersion = 10.0.40219.1
Project("{2150E333-8FDC-42A3-9474-1A3956D46DE8}") = "src", "src", "{827E0CD3-B72D-47B6-A68D-7590B98EB39B}"
EndProject
Project("{FAE04EC0-301F-11D3-BF4B-00C04F79EFBC}") = "PropostaService.Domain", "src\PropostaService.Domain\PropostaService.Domain.csproj", "{CD56DD0D-414C-4943-A70E-9094164B7E0A}"
EndProject
Project("{FAE04EC0-301F-11D3-BF4B-00C04F79EFBC}") = "PropostaService.Application", "src\PropostaService.Application\PropostaService.Application.csproj", "{34306465-6487-404F-9E94-D90F82743FE6}"
EndProject
Project("{FAE04EC0-301F-11D3-BF4B-00C04F79EFBC}") = "PropostaService.Infrastructure", "src\PropostaService.Infrastructure\PropostaService.Infrastructure.csproj", "{C7E5C66B-7B96-459F-A7AC-E4C209384AAC}"
EndProject
Project("{FAE04EC0-301F-11D3-BF4B-00C04F79EFBC}") = "PropostaService.API", "src\PropostaService.API\PropostaService.API.csproj", "{FFE6FB4E-9698-49A7-B16D-8C4A7BB9B1B7}"
EndProject
Project("{FAE04EC0-301F-11D3-BF4B-00C04F79EFBC}") = "ContratacaoService.Domain", "src\ContratacaoService.Domain\ContratacaoService.Domain.csproj", "{4994E4CF-C7D8-4599-934F-A8D466618852}"
EndProject
Project("{FAE04EC0-301F-11D3-BF4B-00C04F79EFBC}") = "ContratacaoService.Application", "src\ContratacaoService.Application\ContratacaoService.Application.csproj", "{D2CEA218-16D8-403D-9BD0-4CE245F9126D}"
EndProject
Project("{FAE04EC0-301F-11D3-BF4B-00C04F79EFBC}") = "ContratacaoService.Infrastructure", "src\ContratacaoService.Infrastructure\ContratacaoService.Infrastructure.csproj", "{8D883AA0-376B-458D-86ED-9800E82382E0}"
EndProject
Project("{FAE04EC0-301F-11D3-BF4B-00C04F79EFBC}") = "ContratacaoService.API", "src\ContratacaoService.API\ContratacaoService.API.csproj", "{DCD273B7-3BD6-4D9F-9D4E-644D35A14DEA}"
EndProject
Global
	GlobalSection(SolutionConfigurationPlatforms) = preSolution
		Debug|Any CPU = Debug|Any CPU
		Debug|x64 = Debug|x64
		Debug|x86 = Debug|x86
		Release|Any CPU = Release|Any CPU
		Release|x64 = Release|x64
		Release|x86 = Release|x86
	EndGlobalSection
	GlobalSection(ProjectConfigurationPlatforms) = postSolution
		{CD56DD0D-414C-4943-A70E-9094164B7E0A}.Debug|Any CPU.ActiveCfg = Debug|Any CPU
		{CD56DD0D-414C-4943-A70E-9094164B7E0A}.Debug|Any CPU.Build.0 = Debug|Any CPU
		{CD56DD0D-414C-4943-A70E-9094164B7E0A}.Debug|x64.ActiveCfg = Debug|Any CPU
		{CD56DD0D-414C-4943-A70E-9094164B7E0A}.Debug|x64.Build.0 = Debug|Any CPU
		{CD56DD0D-414C-4943-A70E-9094164B7E0A}.Debug|x86.ActiveCfg = Debug|Any CPU
		{CD56DD0D-414C-4943-A70E-9094164B7E0A}.Debug|x86.Build.0 = Debug|Any CPU
		{CD56DD0D-414C-4943-A70E-9094164B7E0A}.Release|Any CPU.ActiveCfg = Release|Any CPU
		{CD56DD0D-414C-4943-A70E-9094164B7E0A}.Release|Any CPU.Build.0 = Release|Any CPU
		{CD56DD0D-414C-4943-A70E-9094164B7E0A}.Release|x64.ActiveCfg = Release|Any CPU
		{CD56DD0D-414C-4943-A70E-9094164B7E0A}.Release|x64.Build.0 = Release|Any CPU
		{CD56DD0D-414C-4943-A70E-9094164B7E0A}.Release|x86.ActiveCfg = Release|Any CPU
		{CD56DD0D-414C-4943-A70E-9094164B7E0A}.Release|x86.Build.0 = Release|Any CPU
		{34306465-6487-404F-9E94-D90F82743FE6}.Debug|Any CPU.ActiveCfg = Debug|Any CPU
		{34306465-6487-404F-9E94-D90F82743FE6}.Debug|Any CPU.Build.0 = Debug|Any CPU
		{34306465-6487-404F-9E94-D90F82743FE6}.Debug|x64.ActiveCfg = Debug|Any CPU
		{34306465-6487-404F-9E94-D90F82743FE6}.Debug|x64.Build.0 = Debug|Any CPU
		{34306465-6487-404F-9E94-D90F82743FE6}.Debug|x86.ActiveCfg = Debug|Any CPU
		{34306465-6487-404F-9E94-D90F82743FE6}.Debug|x86.Build.0 = Debug|Any CPU
		{34306465-6487-404F-9E94-D90F82743FE6}.Release|Any CPU.ActiveCfg = Release|Any CPU
		{34306465-6487-404F-9E94-D90F82743FE6}.Release|Any CPU.Build.0 = Release|Any CPU
		{34306465-6487-404F-9E94-D90F82743FE6}.Release|x64.ActiveCfg = Release|Any CPU
		{34306465-6487-404F-9E94-D90F82743FE6}.Release|x64.Build.0 = Release|Any CPU
		{34306465-6487-404F-9E94-D90F82743FE6}.Release|x86.ActiveCfg = Release|Any CPU
		{34306465-6487-404F-9E94-D90F82743FE6}.Release|x86.Build.0 = Release|Any CPU
		{C7E5C66B-7B96-459F-A7AC-E4C209384AAC}.Debug|Any CPU.ActiveCfg = Debug|Any CPU
		{C7E5C66B-7B96-459F-A7AC-E4C209384AAC}.Debug|Any CPU.Build.0 = Debug|Any CPU
		{C7E5C66B-7B96-459F-A7AC-E4C209384AAC}.Debug|x64.ActiveCfg = Debug|Any CPU
		{C7E5C66B-7B96-459F-A7AC-E4C209384AAC}.Debug|x64.Build.0 = Debug|Any CPU
		{C7E5C66B-7B96-459F-A7AC-E4C209384AAC}.Debug|x86.ActiveCfg = Debug|Any CPU
		{C7E5C66B-7B96-459F-A7AC-E4C209384AAC}.Debug|x86.Build.0 = Debug|Any CPU
		{C7E5C66B-7B96-459F-A7AC-E4C209384AAC}.Release|Any CPU.ActiveCfg = Release|Any CPU
		{C7E5C66B-7B96-459F-A7AC-E4C209384AAC}.Release|Any CPU.Build.0 = Release|Any CPU
		{C7E5C66B-7B96-459F-A7AC-E4C209384AAC}.Release|x64.ActiveCfg = Release|Any CPU
		{C7E5C66B-7B96-459F-A7AC-E4C209384AAC}.Release|x64.Build.0 = Release|Any CPU
		{C7E5C66B-7B96-459F-A7AC-E4C209384AAC}.Release|x86.ActiveCfg = Release|Any CPU
		{C7E5C66B-7B96-459F-A7AC-E4C209384AAC}.Release|x86.Build.0 = Release|Any CPU
		{FFE6FB4E-9698-49A7-B16D-8C4A7BB9B1B7}.Debug|Any CPU.ActiveCfg = Debug|Any CPU
		{FFE6FB4E-9698-49A7-B16D-8C4A7BB9B1B7}.Debug|Any CPU.Build.0 = Debug|Any CPU
		{FFE6FB4E-9698-49A7-B16D-8C4A7BB9B1B7}.Debug|x64.ActiveCfg = Debug|Any CPU
		{FFE6FB4E-9698-49A7-B16D-8C4A7BB9B1B7}.Debug|x64.Build.0 = Debug|Any CPU
		{FFE6FB4E-9698-49A7-B16D-8C4A7BB9B1B7}.Debug|x86.ActiveCfg = Debug|Any CPU
		{FFE6FB4E-9698-49A7-B16D-8C4A7BB9B1B7}.Debug|x86.Build.0 = Debug|Any CPU
		{FFE6FB4E-9698-49A7-B16D-8C4A7BB9B1B7}.Release|Any CPU.ActiveCfg = Release|Any CPU
		{FFE6FB4E-9698-49A7-B16D-8C4A7BB9B1B7}.Release|Any CPU.Build.0 = Release|Any CPU
		{FFE6FB4E-9698-49A7-B16D-8C4A7BB9B1B7}.Release|x64.ActiveCfg = Release|Any CPU
		{FFE6FB4E-9698-49A7-B16D-8C4A7BB9B1B7}.Release|x64.Build.0 = Release|Any CPU
		{FFE6FB4E-9698-49A7-B16D-8C4A7BB9B1B7}.Release|x86.ActiveCfg = Release|Any CPU
		{FFE6FB4E-9698-49A7-B16D-8C4A7BB9B1B7}.Release|x86.Build.0 = Release|Any CPU
		{4994E4CF-C7D8-4599-934F-A8D466618852}.Debug|Any CPU.ActiveCfg = Debug|Any CPU
		{4994E4CF-C7D8-4599-934F-A8D466618852}.Debug|Any CPU.Build.0 = Debug|Any CPU
		{4994E4CF-C7D8-4599-934F-A8D466618852}.Debug|x64.ActiveCfg = Debug|Any CPU
		{4994E4CF-C7D8-4599-934F-A8D466618852}.Debug|x64.Build.0 = Debug|Any CPU
		{4994E4CF-C7D8-4599-934F-A8D466618852}.Debug|x86.ActiveCfg = Debug|Any CPU
		{4994E4CF-C7D8-4599-934F-A8D466618852}.Debug|x86.Build.0 = Debug|Any CPU
		{4994E4CF-C7D8-4599-934F-A8D466618852}.Release|Any CPU.ActiveCfg = Release|Any CPU
		{4994E4CF-C7D8-4599-934F-A8D466618852}.Release|Any CPU.Build.0 = Release|Any CPU
		{4994E4CF-C7D8-4599-934F-A8D466618852}.Release|x64.ActiveCfg = Release|Any CPU
		{4994E4CF-C7D8-4599-934F-A8D466618852}.Release|x64.Build.0 = Release|Any CPU
		{4994E4CF-C7D8-4599-934F-A8D466618852}.Release|x86.ActiveCfg = Release|Any CPU
		{4994E4CF-C7D8-4599-934F-A8D466618852}.Release|x86.Build.0 = Release|Any CPU
		{D2CEA218-16D8-403D-9BD0-4CE245F9126D}.Debug|Any CPU.ActiveCfg = Debug|Any CPU
		{D2CEA218-16D8-403D-9BD0-4CE245F9126D}.Debug|Any CPU.Build.0 = Debug|Any CPU
		{D2CEA218-16D8-403D-9BD0-4CE245F9126D}.Debug|x64.ActiveCfg = Debug|Any CPU
		{D2CEA218-16D8-403D-9BD0-4CE245F9126D}.Debug|x64.Build.0 = Debug|Any CPU
		{D2CEA218-16D8-403D-9BD0-4CE245F9126D}.Debug|x86.ActiveCfg = Debug|Any CPU
		{D2CEA218-16D8-403D-9BD0-4CE245F9126D}.Debug|x86.Build.0 = Debug|Any CPU
		{D2CEA218-16D8-403D-9BD0-4CE245F9126D}.Release|Any CPU.ActiveCfg = Release|Any CPU
		{D2CEA218-16D8-403D-9BD0-4CE245F9126D}.Release|Any CPU.Build.0 = Release|Any CPU
		{D2CEA218-16D8-403D-9BD0-4CE245F9126D}.Release|x64.ActiveCfg = Release|Any CPU
		{D2CEA218-16D8-403D-9BD0-4CE245F9126D}.Release|x64.Build.0 = Release|Any CPU
		{D2CEA218-16D8-403D-9BD0-4CE245F9126D}.Release|x86.ActiveCfg = Release|Any CPU
		{D2CEA218-16D8-403D-9BD0-4CE245F9126D}.Release|x86.Build.0 = Release|Any CPU
		{8D883AA0-376B-458D-86ED-9800E82382E0}.Debug|Any CPU.ActiveCfg = Debug|Any CPU
		{8D883AA0-376B-458D-86ED-9800E82382E0}.Debug|Any CPU.Build.0 = Debug|Any CPU
		{8D883AA0-376B-458D-86ED-9800E82382E0}.Debug|x64.ActiveCfg = Debug|Any CPU
		{8D883AA0-376B-458D-86ED-9800E82382E0}.Debug|x64.Build.0 = Debug|Any CPU
		{8D883AA0-376B-458D-86ED-9800E82382E0}.Debug|x86.ActiveCfg = Debug|Any CPU
		{8D883AA0-376B-458D-86ED-9800E82382E0}.Debug|x86.Build.0 = Debug|Any CPU
		{8D883AA0-376B-458D-86ED-9800E82382E0}.Release|Any CPU.ActiveCfg = Release|Any CPU
		{8D883AA0-376B-458D-86ED-9800E82382E0}.Release|Any CPU.Build.0 = Release|Any CPU
		{8D883AA0-376B-458D-86ED-9800E82382E0}.Release|x64.ActiveCfg = Release|Any CPU
		{8D883AA0-376B-458D-86ED-9800E82382E0}.Release|x64.Build.0 = Release|Any CPU
		{8D883AA0-376B-458D-86ED-9800E82382E0}.Release|x86.ActiveCfg = Release|Any CPU
		{8D883AA0-376B-458D-86ED-9800E82382E0}.Release|x86.Build.0 = Release|Any CPU
		{DCD273B7-3BD6-4D9F-9D4E-644D35A14DEA}.Debug|Any CPU.ActiveCfg = Debug|Any CPU
		{DCD273B7-3BD6-4D9F-9D4E-644D35A14DEA}.Debug|Any CPU.Build.0 = Debug|Any CPU
		{DCD273B7-3BD6-4D9F-9D4E-644D35A14DEA}.Debug|x64.ActiveCfg = Debug|Any CPU
		{DCD273B7-3BD6-4D9F-9D4E-644D35A14DEA}.Debug|x64.Build.0 = Debug|Any CPU
		{DCD273B7-3BD6-4D9F-9D4E-644D35A14DEA}.Debug|x86.ActiveCfg = Debug|Any CPU
		{DCD273B7-3BD6-4D9F-9D4E-644D35A14DEA}.Debug|x86.Build.0 = Debug|Any CPU
		{DCD273B7-3BD6-4D9F-9D4E-644D35A14DEA}.Release|Any CPU.ActiveCfg = Release|Any CPU
		{DCD273B7-3BD6-4D9F-9D4E-644D35A14DEA}.Release|Any CPU.Build.0 = Release|Any CPU
		{DCD273B7-3BD6-4D9F-9D4E-644D35A14DEA}.Release|x64.ActiveCfg = Release|Any CPU
		{DCD273B7-3BD6-4D9F-9D4E-644D35A14DEA}.Release|x64.Build.0 = Release|Any CPU
		{DCD273B7-3BD6-4D9F-9D4E-644D35A14DEA}.Release|x86.ActiveCfg = Release|Any CPU
		{DCD273B7-3BD6-4D9F-9D4E-644D35A14DEA}.Release|x86.Build.0 = Release|Any CPU
	EndGlobalSection
	GlobalSection(SolutionProperties) = preSolution
		HideSolutionNode = FALSE
	EndGlobalSection
	GlobalSection(NestedProjects) = preSolution
		{CD56DD0D-414C-4943-A70E-9094164B7E0A} = {827E0CD3-B72D-47B6-A68D-7590B98EB39B}
		{34306465-6487-404F-9E94-D90F82743FE6} = {827E0CD3-B72D-47B6-A68D-7590B98EB39B}
		{C7E5C66B-7B96-459F-A7AC-E4C209384AAC} = {827E0CD3-B72D-47B6-A68D-7590B98EB39B}
		{FFE6FB4E-9698-49A7-B16D-8C4A7BB9B1B7} = {827E0CD3-B72D-47B6-A68D-7590B98EB39B}
		{4994E4CF-C7D8-4599-934F-A8D466618852} = {827E0CD3-B72D-47B6-A68D-7590B98EB39B}
		{D2CEA218-16D8-403D-9BD0-4CE245F9126D} = {827E0CD3-B72D-47B6-A68D-7590B98EB39B}
		{8D883AA0-376B-458D-86ED-9800E82382E0} = {827E0CD3-B72D-47B6-A68D-7590B98EB39B}
		{DCD273B7-3BD6-4D9F-9D4E-644D35A14DEA} = {827E0CD3-B72D-47B6-A68D-7590B98EB39B}
	EndGlobalSection
EndGlobal
